// !$*UTF8*$!
{
	archiveVersion = 1;
	classes = {
	};
	objectVersion = 71;
	objects = {

/* Begin PBXBuildFile section */
		A10000000000000000000001 /* BUILDWEALTHApp.swift in Sources */ = {isa = PBXBuildFile; fileRef = A20000000000000000000001 /* BUILDWEALTHApp.swift */; };
		A10000000000000000000002 /* ContentView.swift in Sources */ = {isa = PBXBuildFile; fileRef = A20000000000000000000002 /* ContentView.swift */; };
		A10000000000000000000003 /* GameSceneController.swift in Sources */ = {isa = PBXBuildFile; fileRef = A20000000000000000000003 /* GameSceneController.swift */; };
		A10000000000000000000004 /* GameView.swift in Sources */ = {isa = PBXBuildFile; fileRef = A20000000000000000000004 /* GameView.swift */; };
		A10000000000000000000005 /* VirtualStick.swift in Sources */ = {isa = PBXBuildFile; fileRef = A20000000000000000000005 /* VirtualStick.swift */; };
		A10000000000000000000006 /* FloatingCliffCity.usdz in Resources */ = {isa = PBXBuildFile; fileRef = A20000000000000000000006 /* FloatingCliffCity.usdz */; };
		A10000000000000000000007 /* PlayerIdle.usdz in Resources */ = {isa = PBXBuildFile; fileRef = A20000000000000000000007 /* PlayerIdle.usdz */; };
		A10000000000000000000008 /* PlayerWalk.usdz in Resources */ = {isa = PBXBuildFile; fileRef = A20000000000000000000009 /* PlayerWalk.usdz */; };
		A10000000000000000000009 /* CityGameplayData.swift in Sources */ = {isa = PBXBuildFile; fileRef = A20000000000000000000010 /* CityGameplayData.swift */; };
		A10000000000000000000010 /* TrafficController.swift in Sources */ = {isa = PBXBuildFile; fileRef = A20000000000000000000011 /* TrafficController.swift */; };
		A10000000000000000000011 /* InteriorView.swift in Sources */ = {isa = PBXBuildFile; fileRef = A20000000000000000000012 /* InteriorView.swift */; };
		A10000000000000000000012 /* FloatingCliffCity.interactions.json in Resources */ = {isa = PBXBuildFile; fileRef = A20000000000000000000013 /* FloatingCliffCity.interactions.json */; };
		A10000000000000000000013 /* FloatingCliffCity.traffic.json in Resources */ = {isa = PBXBuildFile; fileRef = A20000000000000000000014 /* FloatingCliffCity.traffic.json */; };
		A10000000000000000000014 /* LaunchSequenceView.swift in Sources */ = {isa = PBXBuildFile; fileRef = A20000000000000000000015 /* LaunchSequenceView.swift */; };
		A10000000000000000000015 /* Branding.xcassets in Resources */ = {isa = PBXBuildFile; fileRef = A20000000000000000000016 /* Branding.xcassets */; };
/* End PBXBuildFile section */

/* Begin PBXFileReference section */
		A20000000000000000000001 /* BUILDWEALTHApp.swift */ = {isa = PBXFileReference; lastKnownFileType = sourcecode.swift; path = BUILDWEALTHApp.swift; sourceTree = "<group>"; };
		A20000000000000000000002 /* ContentView.swift */ = {isa = PBXFileReference; lastKnownFileType = sourcecode.swift; path = ContentView.swift; sourceTree = "<group>"; };
		A20000000000000000000003 /* GameSceneController.swift */ = {isa = PBXFileReference; lastKnownFileType = sourcecode.swift; path = GameSceneController.swift; sourceTree = "<group>"; };
		A20000000000000000000004 /* GameView.swift */ = {isa = PBXFileReference; lastKnownFileType = sourcecode.swift; path = GameView.swift; sourceTree = "<group>"; };
		A20000000000000000000005 /* VirtualStick.swift */ = {isa = PBXFileReference; lastKnownFileType = sourcecode.swift; path = VirtualStick.swift; sourceTree = "<group>"; };
		A20000000000000000000006 /* FloatingCliffCity.usdz */ = {isa = PBXFileReference; lastKnownFileType = file.usdz; path = FloatingCliffCity.usdz; sourceTree = "<group>"; };
		A20000000000000000000007 /* PlayerIdle.usdz */ = {isa = PBXFileReference; lastKnownFileType = file.usdz; path = PlayerIdle.usdz; sourceTree = "<group>"; };
		A20000000000000000000008 /* BUILDWEALTH.app */ = {isa = PBXFileReference; explicitFileType = wrapper.application; includeInIndex = 0; path = BUILDWEALTH.app; sourceTree = BUILT_PRODUCTS_DIR; };
		A20000000000000000000009 /* PlayerWalk.usdz */ = {isa = PBXFileReference; lastKnownFileType = file.usdz; path = PlayerWalk.usdz; sourceTree = "<group>"; };
		A20000000000000000000010 /* CityGameplayData.swift */ = {isa = PBXFileReference; lastKnownFileType = sourcecode.swift; path = CityGameplayData.swift; sourceTree = "<group>"; };
		A20000000000000000000011 /* TrafficController.swift */ = {isa = PBXFileReference; lastKnownFileType = sourcecode.swift; path = TrafficController.swift; sourceTree = "<group>"; };
		A20000000000000000000012 /* InteriorView.swift */ = {isa = PBXFileReference; lastKnownFileType = sourcecode.swift; path = InteriorView.swift; sourceTree = "<group>"; };
		A20000000000000000000013 /* FloatingCliffCity.interactions.json */ = {isa = PBXFileReference; lastKnownFileType = text.json; path = FloatingCliffCity.interactions.json; sourceTree = "<group>"; };
		A20000000000000000000014 /* FloatingCliffCity.traffic.json */ = {isa = PBXFileReference; lastKnownFileType = text.json; path = FloatingCliffCity.traffic.json; sourceTree = "<group>"; };
		A20000000000000000000015 /* LaunchSequenceView.swift */ = {isa = PBXFileReference; lastKnownFileType = sourcecode.swift; path = LaunchSequenceView.swift; sourceTree = "<group>"; };
		A20000000000000000000016 /* Branding.xcassets */ = {isa = PBXFileReference; lastKnownFileType = folder.assetcatalog; path = Branding.xcassets; sourceTree = "<group>"; };
/* End PBXFileReference section */

/* Begin PBXFrameworksBuildPhase section */
		A30000000000000000000001 /* Frameworks */ = {
			isa = PBXFrameworksBuildPhase;
			buildActionMask = 2147483647;
			files = (
			);
			runOnlyForDeploymentPostprocessing = 0;
		};
/* End PBXFrameworksBuildPhase section */

/* Begin PBXGroup section */
		A40000000000000000000001 = {
			isa = PBXGroup;
			children = (
				A40000000000000000000002 /* BUILDWEALTH */,
				A40000000000000000000004 /* Assets */,
				A40000000000000000000006 /* Products */,
			);
			sourceTree = "<group>";
		};
		A40000000000000000000002 /* BUILDWEALTH */ = {
			isa = PBXGroup;
			children = (
				A20000000000000000000001 /* BUILDWEALTHApp.swift */,
				A20000000000000000000002 /* ContentView.swift */,
				A20000000000000000000015 /* LaunchSequenceView.swift */,
				A20000000000000000000012 /* InteriorView.swift */,
				A40000000000000000000003 /* Game */,
			);
			path = BUILDWEALTH;
			sourceTree = "<group>";
		};
		A40000000000000000000003 /* Game */ = {
			isa = PBXGroup;
			children = (
				A20000000000000000000003 /* GameSceneController.swift */,
				A20000000000000000000004 /* GameView.swift */,
				A20000000000000000000005 /* VirtualStick.swift */,
				A20000000000000000000010 /* CityGameplayData.swift */,
				A20000000000000000000011 /* TrafficController.swift */,
			);
			path = Game;
			sourceTree = "<group>";
		};
		A40000000000000000000004 /* Assets */ = {
			isa = PBXGroup;
			children = (
				A40000000000000000000005 /* City */,
				A40000000000000000000007 /* Characters */,
				A40000000000000000000008 /* Branding */,
			);
			path = Assets;
			sourceTree = "<group>";
		};
		A40000000000000000000005 /* City */ = {
			isa = PBXGroup;
			children = (
				A20000000000000000000006 /* FloatingCliffCity.usdz */,
				A20000000000000000000013 /* FloatingCliffCity.interactions.json */,
				A20000000000000000000014 /* FloatingCliffCity.traffic.json */,
			);
			path = City;
			sourceTree = "<group>";
		};
		A40000000000000000000006 /* Products */ = {
			isa = PBXGroup;
			children = (
				A20000000000000000000008 /* BUILDWEALTH.app */,
			);
			name = Products;
			sourceTree = "<group>";
		};
		A40000000000000000000007 /* Characters */ = {
			isa = PBXGroup;
			children = (
				A20000000000000000000007 /* PlayerIdle.usdz */,
				A20000000000000000000009 /* PlayerWalk.usdz */,
			);
			path = Characters;
			sourceTree = "<group>";
		};
		A40000000000000000000008 /* Branding */ = {
			isa = PBXGroup;
			children = (
				A20000000000000000000016 /* Branding.xcassets */,
			);
			path = Branding;
			sourceTree = "<group>";
		};
/* End PBXGroup section */

/* Begin PBXNativeTarget section */
		A50000000000000000000001 /* BUILDWEALTH */ = {
			isa = PBXNativeTarget;
			buildConfigurationList = A90000000000000000000002 /* Build configuration list for PBXNativeTarget "BUILDWEALTH" */;
			buildPhases = (
				A60000000000000000000001 /* Sources */,
				A30000000000000000000001 /* Frameworks */,
				A70000000000000000000001 /* Resources */,
			);
			buildRules = (
			);
			dependencies = (
			);
			name = BUILDWEALTH;
			productName = BUILDWEALTH;
			productReference = A20000000000000000000008 /* BUILDWEALTH.app */;
			productType = "com.apple.product-type.application";
		};
/* End PBXNativeTarget section */

/* Begin PBXProject section */
		A80000000000000000000001 /* Project object */ = {
			isa = PBXProject;
			attributes = {
				BuildIndependentTargetsInParallel = 1;
				LastSwiftUpdateCheck = 2650;
				LastUpgradeCheck = 2700;
				TargetAttributes = {
					A50000000000000000000001 = {
						CreatedOnToolsVersion = 26.5;
					};
				};
			};
			buildConfigurationList = A90000000000000000000001 /* Build configuration list for PBXProject "BUILDWEALTH" */;
			compatibilityVersion = "Xcode 16.0";
			developmentRegion = en;
			hasScannedForEncodings = 0;
			knownRegions = (
				en,
				Base,
			);
			mainGroup = A40000000000000000000001;
			minimizedProjectReferenceProxies = 1;
			productRefGroup = A40000000000000000000006 /* Products */;
			projectDirPath = "";
			projectRoot = "";
			targets = (
				A50000000000000000000001 /* BUILDWEALTH */,
			);
		};
/* End PBXProject section */

/* Begin PBXResourcesBuildPhase section */
		A70000000000000000000001 /* Resources */ = {
			isa = PBXResourcesBuildPhase;
			buildActionMask = 2147483647;
			files = (
				A10000000000000000000006 /* FloatingCliffCity.usdz in Resources */,
				A10000000000000000000007 /* PlayerIdle.usdz in Resources */,
				A10000000000000000000008 /* PlayerWalk.usdz in Resources */,
				A10000000000000000000012 /* FloatingCliffCity.interactions.json in Resources */,
				A10000000000000000000013 /* FloatingCliffCity.traffic.json in Resources */,
				A10000000000000000000015 /* Branding.xcassets in Resources */,
			);
			runOnlyForDeploymentPostprocessing = 0;
		};
/* End PBXResourcesBuildPhase section */

/* Begin PBXSourcesBuildPhase section */
		A60000000000000000000001 /* Sources */ = {
			isa = PBXSourcesBuildPhase;
			buildActionMask = 2147483647;
			files = (
				A10000000000000000000001 /* BUILDWEALTHApp.swift in Sources */,
				A10000000000000000000002 /* ContentView.swift in Sources */,
				A10000000000000000000003 /* GameSceneController.swift in Sources */,
				A10000000000000000000004 /* GameView.swift in Sources */,
				A10000000000000000000005 /* VirtualStick.swift in Sources */,
				A10000000000000000000009 /* CityGameplayData.swift in Sources */,
				A10000000000000000000010 /* TrafficController.swift in Sources */,
				A10000000000000000000011 /* InteriorView.swift in Sources */,
				A10000000000000000000014 /* LaunchSequenceView.swift in Sources */,
			);
			runOnlyForDeploymentPostprocessing = 0;
		};
/* End PBXSourcesBuildPhase section */

/* Begin XCBuildConfiguration section */
		AA0000000000000000000001 /* Debug */ = {
			isa = XCBuildConfiguration;
			buildSettings = {
				ALWAYS_SEARCH_USER_PATHS = NO;
				CLANG_ENABLE_MODULES = YES;
				CLANG_ENABLE_OBJC_ARC = YES;
				CLANG_WARN_BLOCK_CAPTURE_AUTORELEASING = YES;
				CLANG_WARN_BOOL_CONVERSION = YES;
				CLANG_WARN_COMMA = YES;
				CLANG_WARN_CONSTANT_CONVERSION = YES;
				CLANG_WARN_DEPRECATED_OBJC_IMPLEMENTATIONS = YES;
				CLANG_WARN_DOCUMENTATION_COMMENTS = YES;
				CLANG_WARN_EMPTY_BODY = YES;
				CLANG_WARN_ENUM_CONVERSION = YES;
				CLANG_WARN_INFINITE_RECURSION = YES;
				CLANG_WARN_INT_CONVERSION = YES;
				CLANG_WARN_NON_LITERAL_NULL_CONVERSION = YES;
				CLANG_WARN_OBJC_IMPLICIT_RETAIN_SELF = YES;
				CLANG_WARN_OBJC_LITERAL_CONVERSION = YES;
				CLANG_WARN_QUOTED_INCLUDE_IN_FRAMEWORK_HEADER = YES;
				CLANG_WARN_RANGE_LOOP_ANALYSIS = YES;
				CLANG_WARN_STRICT_PROTOTYPES = YES;
				CLANG_WARN_SUSPICIOUS_MOVE = YES;
				CLANG_WARN_UNREACHABLE_CODE = YES;
				CLANG_WARN__DUPLICATE_METHOD_MATCH = YES;
				COPY_PHASE_STRIP = NO;
				DEAD_CODE_STRIPPING = YES;
				DEBUG_INFORMATION_FORMAT = dwarf;
				ENABLE_STRICT_OBJC_MSGSEND = YES;
				ENABLE_TESTABILITY = YES;
				ENABLE_USER_SCRIPT_SANDBOXING = YES;
				GCC_C_LANGUAGE_STANDARD = gnu17;
				GCC_NO_COMMON_BLOCKS = YES;
				GCC_OPTIMIZATION_LEVEL = 0;
				GCC_WARN_64_TO_32_BIT_CONVERSION = YES;
				GCC_WARN_ABOUT_RETURN_TYPE = YES;
				GCC_WARN_UNDECLARED_SELECTOR = YES;
				GCC_WARN_UNINITIALIZED_AUTOS = YES;
				GCC_WARN_UNUSED_FUNCTION = YES;
				GCC_WARN_UNUSED_VARIABLE = YES;
				MTL_ENABLE_DEBUG_INFO = INCLUDE_SOURCE;
				ONLY_ACTIVE_ARCH = YES;
				STRING_CATALOG_GENERATE_SYMBOLS = YES;
				SWIFT_ACTIVE_COMPILATION_CONDITIONS = "DEBUG $(inherited)";
				SWIFT_OPTIMIZATION_LEVEL = "-Onone";
			};
			name = Debug;
		};
		AA0000000000000000000002 /* Release */ = {
			isa = XCBuildConfiguration;
			buildSettings = {
				ALWAYS_SEARCH_USER_PATHS = NO;
				CLANG_ENABLE_MODULES = YES;
				CLANG_ENABLE_OBJC_ARC = YES;
				CLANG_WARN_BLOCK_CAPTURE_AUTORELEASING = YES;
				CLANG_WARN_BOOL_CONVERSION = YES;
				CLANG_WARN_COMMA = YES;
				CLANG_WARN_CONSTANT_CONVERSION = YES;
				CLANG_WARN_DEPRECATED_OBJC_IMPLEMENTATIONS = YES;
				CLANG_WARN_DOCUMENTATION_COMMENTS = YES;
				CLANG_WARN_EMPTY_BODY = YES;
				CLANG_WARN_ENUM_CONVERSION = YES;
				CLANG_WARN_INFINITE_RECURSION = YES;
				CLANG_WARN_INT_CONVERSION = YES;
				CLANG_WARN_NON_LITERAL_NULL_CONVERSION = YES;
				CLANG_WARN_OBJC_IMPLICIT_RETAIN_SELF = YES;
				CLANG_WARN_OBJC_LITERAL_CONVERSION = YES;
				CLANG_WARN_QUOTED_INCLUDE_IN_FRAMEWORK_HEADER = YES;
				CLANG_WARN_RANGE_LOOP_ANALYSIS = YES;
				CLANG_WARN_STRICT_PROTOTYPES = YES;
				CLANG_WARN_SUSPICIOUS_MOVE = YES;
				CLANG_WARN_UNREACHABLE_CODE = YES;
				CLANG_WARN__DUPLICATE_METHOD_MATCH = YES;
				COPY_PHASE_STRIP = NO;
				DEAD_CODE_STRIPPING = YES;
				DEBUG_INFORMATION_FORMAT = "dwarf-with-dsym";
				ENABLE_NS_ASSERTIONS = NO;
				ENABLE_STRICT_OBJC_MSGSEND = YES;
				ENABLE_USER_SCRIPT_SANDBOXING = YES;
				GCC_C_LANGUAGE_STANDARD = gnu17;
				GCC_NO_COMMON_BLOCKS = YES;
				GCC_WARN_64_TO_32_BIT_CONVERSION = YES;
				GCC_WARN_ABOUT_RETURN_TYPE = YES;
				GCC_WARN_UNDECLARED_SELECTOR = YES;
				GCC_WARN_UNINITIALIZED_AUTOS = YES;
				GCC_WARN_UNUSED_FUNCTION = YES;
				GCC_WARN_UNUSED_VARIABLE = YES;
				MTL_ENABLE_DEBUG_INFO = NO;
				STRING_CATALOG_GENERATE_SYMBOLS = YES;
				SWIFT_COMPILATION_MODE = wholemodule;
			};
			name = Release;
		};
		AA0000000000000000000003 /* Debug */ = {
			isa = XCBuildConfiguration;
			buildSettings = {
				ASSETCATALOG_COMPILER_GENERATE_SWIFT_ASSET_SYMBOL_EXTENSIONS = YES;
				CODE_SIGN_STYLE = Automatic;
				CURRENT_PROJECT_VERSION = 1;
				DEAD_CODE_STRIPPING = YES;
				DEVELOPMENT_TEAM = D74H95PLY9;
				ENABLE_HARDENED_RUNTIME = YES;
				GENERATE_INFOPLIST_FILE = YES;
				INFOPLIST_KEY_CFBundleDisplayName = BUILDWEALTH;
				INFOPLIST_KEY_LSApplicationCategoryType = "public.app-category.games";
				INFOPLIST_KEY_UIApplicationSupportsIndirectInputEvents = YES;
				INFOPLIST_KEY_UILaunchScreen_Generation = YES;
				IPHONEOS_DEPLOYMENT_TARGET = 18.0;
				LD_RUNPATH_SEARCH_PATHS = (
					"$(inherited)",
					"@executable_path/Frameworks",
					"@executable_path/../Frameworks",
				);
				MACOSX_DEPLOYMENT_TARGET = 15.0;
				MARKETING_VERSION = 0.1.0;
				PRODUCT_BUNDLE_IDENTIFIER = com.jojojubah.buildwealth;
				PRODUCT_NAME = "$(TARGET_NAME)";
				SDKROOT = auto;
				SUPPORTED_PLATFORMS = "iphoneos iphonesimulator macosx";
				SWIFT_EMIT_LOC_STRINGS = YES;
				SWIFT_VERSION = 5.0;
				TARGETED_DEVICE_FAMILY = "1,2";
			};
			name = Debug;
		};
		AA0000000000000000000004 /* Release */ = {
			isa = XCBuildConfiguration;
			buildSettings = {
				ASSETCATALOG_COMPILER_GENERATE_SWIFT_ASSET_SYMBOL_EXTENSIONS = YES;
				CODE_SIGN_STYLE = Automatic;
				CURRENT_PROJECT_VERSION = 1;
				DEAD_CODE_STRIPPING = YES;
				DEVELOPMENT_TEAM = D74H95PLY9;
				ENABLE_HARDENED_RUNTIME = YES;
				GENERATE_INFOPLIST_FILE = YES;
				INFOPLIST_KEY_CFBundleDisplayName = BUILDWEALTH;
				INFOPLIST_KEY_LSApplicationCategoryType = "public.app-category.games";
				INFOPLIST_KEY_UIApplicationSupportsIndirectInputEvents = YES;
				INFOPLIST_KEY_UILaunchScreen_Generation = YES;
				IPHONEOS_DEPLOYMENT_TARGET = 18.0;
				LD_RUNPATH_SEARCH_PATHS = (
					"$(inherited)",
					"@executable_path/Frameworks",
					"@executable_path/../Frameworks",
				);
				MACOSX_DEPLOYMENT_TARGET = 15.0;
				MARKETING_VERSION = 0.1.0;
				PRODUCT_BUNDLE_IDENTIFIER = com.jojojubah.buildwealth;
				PRODUCT_NAME = "$(TARGET_NAME)";
				SDKROOT = auto;
				SUPPORTED_PLATFORMS = "iphoneos iphonesimulator macosx";
				SWIFT_EMIT_LOC_STRINGS = YES;
				SWIFT_VERSION = 5.0;
				TARGETED_DEVICE_FAMILY = "1,2";
			};
			name = Release;
		};
/* End XCBuildConfiguration section */

/* Begin XCConfigurationList section */
		A90000000000000000000001 /* Build configuration list for PBXProject "BUILDWEALTH" */ = {
			isa = XCConfigurationList;
			buildConfigurations = (
				AA0000000000000000000001 /* Debug */,
				AA0000000000000000000002 /* Release */,
			);
			defaultConfigurationIsVisible = 0;
			defaultConfigurationName = Release;
		};
		A90000000000000000000002 /* Build configuration list for PBXNativeTarget "BUILDWEALTH" */ = {
			isa = XCConfigurationList;
			buildConfigurations = (
				AA0000000000000000000003 /* Debug */,
				AA0000000000000000000004 /* Release */,
			);
			defaultConfigurationIsVisible = 0;
			defaultConfigurationName = Release;
		};
/* End XCConfigurationList section */
	};
	rootObject = A80000000000000000000001 /* Project object */;
}
